// !$*UTF8*$!
{
	archiveVersion = 1;
	classes = {
	};
	objectVersion = 56;
	objects = {

/* Begin PBXBuildFile section */
		7F65F2E92A1ABADD0030F66C /* shuffle.wav in Resources */ = {isa = PBXBuildFile; fileRef = 7F65F2E52A1ABADD0030F66C /* shuffle.wav */; };
		7F65F2EA2A1ABADD0030F66C /* dingcorrect.wav in Resources */ = {isa = PBXBuildFile; fileRef = 7F65F2E62A1ABADD0030F66C /* dingcorrect.wav */; };
		7F65F2EB2A1ABADD0030F66C /* cardflip.wav in Resources */ = {isa = PBXBuildFile; fileRef = 7F65F2E72A1ABADD0030F66C /* cardflip.wav */; };
		7F65F2EC2A1ABADD0030F66C /* dingwrong.wav in Resources */ = {isa = PBXBuildFile; fileRef = 7F65F2E82A1ABADD0030F66C /* dingwrong.wav */; };
		7F65F2EE2A1ABAEC0030F66C /* SoundManager.swift in Sources */ = {isa = PBXBuildFile; fileRef = 7F65F2ED2A1ABAEC0030F66C /* SoundManager.swift */; };
		7F6DCF652A21D459006E86D1 /* Presenter.swift in Sources */ = {isa = PBXBuildFile; fileRef = 7F6DCF642A21D459006E86D1 /* Presenter.swift */; };
		7F6DCF692A21E0C4006E86D1 /* ScoreViewController.swift in Sources */ = {isa = PBXBuildFile; fileRef = 7F6DCF672A21E0C4006E86D1 /* ScoreViewController.swift */; };
		7F6DCF6A2A21E0C4006E86D1 /* ScoreViewController.xib in Resources */ = {isa = PBXBuildFile; fileRef = 7F6DCF682A21E0C4006E86D1 /* ScoreViewController.xib */; };
		7F6DCF6D2A21F875006E86D1 /* ScoreCardCell.swift in Sources */ = {isa = PBXBuildFile; fileRef = 7F6DCF6B2A21F875006E86D1 /* ScoreCardCell.swift */; };
		7F6DCF6E2A21F875006E86D1 /* ScoreCardCell.xib in Resources */ = {isa = PBXBuildFile; fileRef = 7F6DCF6C2A21F875006E86D1 /* ScoreCardCell.xib */; };
		7F6DCF732A2294D1006E86D1 /* VirtualAnimalsViewController.swift in Sources */ = {isa = PBXBuildFile; fileRef = 7F6DCF712A2294D1006E86D1 /* VirtualAnimalsViewController.swift */; };
		7F9A23792A236FE4007872D7 /* PolarBear.usdz in Resources */ = {isa = PBXBuildFile; fileRef = 7F9A23782A236FE4007872D7 /* PolarBear.usdz */; };
		7F9A237D2A23730D007872D7 /* LittleBluePenguin.usdz in Resources */ = {isa = PBXBuildFile; fileRef = 7F9A237C2A23730C007872D7 /* LittleBluePenguin.usdz */; };
		7F9A23832A237504007872D7 /* JavanRhinoceros.usdz in Resources */ = {isa = PBXBuildFile; fileRef = 7F9A23822A237504007872D7 /* JavanRhinoceros.usdz */; };
		7F9A23872A237825007872D7 /* HawksbillSeaTurtle.usdz in Resources */ = {isa = PBXBuildFile; fileRef = 7F9A23862A237825007872D7 /* HawksbillSeaTurtle.usdz */; };
		7F9A238B2A237981007872D7 /* BlueWhale.usdz in Resources */ = {isa = PBXBuildFile; fileRef = 7F9A238A2A237981007872D7 /* BlueWhale.usdz */; };
		7FAF4A6D2A19679D005CDD85 /* AppDelegate.swift in Sources */ = {isa = PBXBuildFile; fileRef = 7FAF4A6C2A19679D005CDD85 /* AppDelegate.swift */; };
		7FAF4A6F2A19679D005CDD85 /* SceneDelegate.swift in Sources */ = {isa = PBXBuildFile; fileRef = 7FAF4A6E2A19679D005CDD85 /* SceneDelegate.swift */; };
		7FAF4A712A19679D005CDD85 /* ViewController.swift in Sources */ = {isa = PBXBuildFile; fileRef = 7FAF4A702A19679D005CDD85 /* ViewController.swift */; };
		7FAF4A742A19679D005CDD85 /* Main.storyboard in Resources */ = {isa = PBXBuildFile; fileRef = 7FAF4A722A19679D005CDD85 /* Main.storyboard */; };
		7FAF4A762A19679F005CDD85 /* Assets.xcassets in Resources */ = {isa = PBXBuildFile; fileRef = 7FAF4A752A19679F005CDD85 /* Assets.xcassets */; };
		7FAF4A792A19679F005CDD85 /* LaunchScreen.storyboard in Resources */ = {isa = PBXBuildFile; fileRef = 7FAF4A772A19679F005CDD85 /* LaunchScreen.storyboard */; };
		7FAF4A812A1975EC005CDD85 /* CardModel.swift in Sources */ = {isa = PBXBuildFile; fileRef = 7FAF4A802A1975EC005CDD85 /* CardModel.swift */; };
		7FAF4A832A1976D7005CDD85 /* Card.swift in Sources */ = {isa = PBXBuildFile; fileRef = 7FAF4A822A1976D7005CDD85 /* Card.swift */; };
		7FAF4A862A197B45005CDD85 /* CardCollectionViewCell.swift in Sources */ = {isa = PBXBuildFile; fileRef = 7FAF4A852A197B45005CDD85 /* CardCollectionViewCell.swift */; };
/* End PBXBuildFile section */

/* Begin PBXFileReference section */
		7F65F2E52A1ABADD0030F66C /* shuffle.wav */ = {isa = PBXFileReference; lastKnownFileType = audio.wav; path = shuffle.wav; sourceTree = "<group>"; };
		7F65F2E62A1ABADD0030F66C /* dingcorrect.wav */ = {isa = PBXFileReference; lastKnownFileType = audio.wav; path = dingcorrect.wav; sourceTree = "<group>"; };
		7F65F2E72A1ABADD0030F66C /* cardflip.wav */ = {isa = PBXFileReference; lastKnownFileType = audio.wav; path = cardflip.wav; sourceTree = "<group>"; };
		7F65F2E82A1ABADD0030F66C /* dingwrong.wav */ = {isa = PBXFileReference; lastKnownFileType = audio.wav; path = dingwrong.wav; sourceTree = "<group>"; };
		7F65F2ED2A1ABAEC0030F66C /* SoundManager.swift */ = {isa = PBXFileReference; lastKnownFileType = sourcecode.swift; path = SoundManager.swift; sourceTree = "<group>"; };
		7F6DCF642A21D459006E86D1 /* Presenter.swift */ = {isa = PBXFileReference; lastKnownFileType = sourcecode.swift; path = Presenter.swift; sourceTree = "<group>"; };
		7F6DCF672A21E0C4006E86D1 /* ScoreViewController.swift */ = {isa = PBXFileReference; lastKnownFileType = sourcecode.swift; path = ScoreViewController.swift; sourceTree = "<group>"; };
		7F6DCF682A21E0C4006E86D1 /* ScoreViewController.xib */ = {isa = PBXFileReference; lastKnownFileType = file.xib; path = ScoreViewController.xib; sourceTree = "<group>"; };
		7F6DCF6B2A21F875006E86D1 /* ScoreCardCell.swift */ = {isa = PBXFileReference; lastKnownFileType = sourcecode.swift; path = ScoreCardCell.swift; sourceTree = "<group>"; };
		7F6DCF6C2A21F875006E86D1 /* ScoreCardCell.xib */ = {isa = PBXFileReference; lastKnownFileType = file.xib; path = ScoreCardCell.xib; sourceTree = "<group>"; };
		7F6DCF712A2294D1006E86D1 /* VirtualAnimalsViewController.swift */ = {isa = PBXFileReference; lastKnownFileType = sourcecode.swift; path = VirtualAnimalsViewController.swift; sourceTree = "<group>"; };
		7F9A23782A236FE4007872D7 /* PolarBear.usdz */ = {isa = PBXFileReference; lastKnownFileType = file.usdz; path = PolarBear.usdz; sourceTree = "<group>"; };
		7F9A237C2A23730C007872D7 /* LittleBluePenguin.usdz */ = {isa = PBXFileReference; lastKnownFileType = file.usdz; path = LittleBluePenguin.usdz; sourceTree = "<group>"; };
		7F9A23822A237504007872D7 /* JavanRhinoceros.usdz */ = {isa = PBXFileReference; lastKnownFileType = file.usdz; path = JavanRhinoceros.usdz; sourceTree = "<group>"; };
		7F9A23862A237825007872D7 /* HawksbillSeaTurtle.usdz */ = {isa = PBXFileReference; lastKnownFileType = file.usdz; path = HawksbillSeaTurtle.usdz; sourceTree = "<group>"; };
		7F9A238A2A237981007872D7 /* BlueWhale.usdz */ = {isa = PBXFileReference; lastKnownFileType = file.usdz; path = BlueWhale.usdz; sourceTree = "<group>"; };
		7FAF4A692A19679D005CDD85 /* CDW-MemoryMatchCardGame.app */ = {isa = PBXFileReference; explicitFileType = wrapper.application; includeInIndex = 0; path = "CDW-MemoryMatchCardGame.app"; sourceTree = BUILT_PRODUCTS_DIR; };
		7FAF4A6C2A19679D005CDD85 /* AppDelegate.swift */ = {isa = PBXFileReference; lastKnownFileType = sourcecode.swift; path = AppDelegate.swift; sourceTree = "<group>"; };
		7FAF4A6E2A19679D005CDD85 /* SceneDelegate.swift */ = {isa = PBXFileReference; lastKnownFileType = sourcecode.swift; path = SceneDelegate.swift; sourceTree = "<group>"; };
		7FAF4A702A19679D005CDD85 /* ViewController.swift */ = {isa = PBXFileReference; lastKnownFileType = sourcecode.swift; path = ViewController.swift; sourceTree = "<group>"; };
		7FAF4A732A19679D005CDD85 /* Base */ = {isa = PBXFileReference; lastKnownFileType = file.storyboard; name = Base; path = Base.lproj/Main.storyboard; sourceTree = "<group>"; };
		7FAF4A752A19679F005CDD85 /* Assets.xcassets */ = {isa = PBXFileReference; lastKnownFileType = folder.assetcatalog; path = Assets.xcassets; sourceTree = "<group>"; };
		7FAF4A782A19679F005CDD85 /* Base */ = {isa = PBXFileReference; lastKnownFileType = file.storyboard; name = Base; path = Base.lproj/LaunchScreen.storyboard; sourceTree = "<group>"; };
		7FAF4A7A2A19679F005CDD85 /* Info.plist */ = {isa = PBXFileReference; lastKnownFileType = text.plist.xml; path = Info.plist; sourceTree = "<group>"; };
		7FAF4A802A1975EC005CDD85 /* CardModel.swift */ = {isa = PBXFileReference; lastKnownFileType = sourcecode.swift; path = CardModel.swift; sourceTree = "<group>"; };
		7FAF4A822A1976D7005CDD85 /* Card.swift */ = {isa = PBXFileReference; lastKnownFileType = sourcecode.swift; path = Card.swift; sourceTree = "<group>"; };
		7FAF4A852A197B45005CDD85 /* CardCollectionViewCell.swift */ = {isa = PBXFileReference; lastKnownFileType = sourcecode.swift; path = CardCollectionViewCell.swift; sourceTree = "<group>"; };
/* End PBXFileReference section */

/* Begin PBXFrameworksBuildPhase section */
		7FAF4A662A19679D005CDD85 /* Frameworks */ = {
			isa = PBXFrameworksBuildPhase;
			buildActionMask = 2147483647;
			files = (
			);
			runOnlyForDeploymentPostprocessing = 0;
		};
/* End PBXFrameworksBuildPhase section */

/* Begin PBXGroup section */
		7F65F2E42A1ABAC80030F66C /* Sounds */ = {
			isa = PBXGroup;
			children = (
				7F65F2E72A1ABADD0030F66C /* cardflip.wav */,
				7F65F2E62A1ABADD0030F66C /* dingcorrect.wav */,
				7F65F2E82A1ABADD0030F66C /* dingwrong.wav */,
				7F65F2E52A1ABADD0030F66C /* shuffle.wav */,
				7F65F2ED2A1ABAEC0030F66C /* SoundManager.swift */,
			);
			path = Sounds;
			sourceTree = "<group>";
		};
		7F6DCF6F2A229397006E86D1 /* Score */ = {
			isa = PBXGroup;
			children = (
				7F6DCF702A2293A3006E86D1 /* Custom */,
				7F6DCF672A21E0C4006E86D1 /* ScoreViewController.swift */,
				7F6DCF682A21E0C4006E86D1 /* ScoreViewController.xib */,
			);
			path = Score;
			sourceTree = "<group>";
		};
		7F6DCF702A2293A3006E86D1 /* Custom */ = {
			isa = PBXGroup;
			children = (
				7F6DCF6B2A21F875006E86D1 /* ScoreCardCell.swift */,
				7F6DCF6C2A21F875006E86D1 /* ScoreCardCell.xib */,
			);
			path = Custom;
			sourceTree = "<group>";
		};
		7F9A238C2A2392C5007872D7 /* Animals */ = {
			isa = PBXGroup;
			children = (
				7F9A23782A236FE4007872D7 /* PolarBear.usdz */,
				7F9A237C2A23730C007872D7 /* LittleBluePenguin.usdz */,
				7F9A23822A237504007872D7 /* JavanRhinoceros.usdz */,
				7F9A23862A237825007872D7 /* HawksbillSeaTurtle.usdz */,
				7F9A238A2A237981007872D7 /* BlueWhale.usdz */,
			);
			path = Animals;
			sourceTree = "<group>";
		};
		7FAF4A602A19679D005CDD85 = {
			isa = PBXGroup;
			children = (
				7FAF4A6B2A19679D005CDD85 /* CDW-MemoryMatchCardGame */,
				7FAF4A6A2A19679D005CDD85 /* Products */,
			);
			sourceTree = "<group>";
		};
		7FAF4A6A2A19679D005CDD85 /* Products */ = {
			isa = PBXGroup;
			children = (
				7FAF4A692A19679D005CDD85 /* CDW-MemoryMatchCardGame.app */,
			);
			name = Products;
			sourceTree = "<group>";
		};
		7FAF4A6B2A19679D005CDD85 /* CDW-MemoryMatchCardGame */ = {
			isa = PBXGroup;
			children = (
				7FAF4A6C2A19679D005CDD85 /* AppDelegate.swift */,
				7FAF4A6E2A19679D005CDD85 /* SceneDelegate.swift */,
				7FAF4A702A19679D005CDD85 /* ViewController.swift */,
				7F6DCF642A21D459006E86D1 /* Presenter.swift */,
				7FAF4A852A197B45005CDD85 /* CardCollectionViewCell.swift */,
				7F6DCF712A2294D1006E86D1 /* VirtualAnimalsViewController.swift */,
				7FAF4A842A197AF0005CDD85 /* Model */,
				7FF459592A19DD1A005AA471 /* Screens */,
				7F6DCF6F2A229397006E86D1 /* Score */,
				7F65F2E42A1ABAC80030F66C /* Sounds */,
				7F9A238C2A2392C5007872D7 /* Animals */,
				7FAF4A752A19679F005CDD85 /* Assets.xcassets */,
				7FAF4A7A2A19679F005CDD85 /* Info.plist */,
			);
			path = "CDW-MemoryMatchCardGame";
			sourceTree = "<group>";
		};
		7FAF4A842A197AF0005CDD85 /* Model */ = {
			isa = PBXGroup;
			children = (
				7FAF4A822A1976D7005CDD85 /* Card.swift */,
				7FAF4A802A1975EC005CDD85 /* CardModel.swift */,
			);
			path = Model;
			sourceTree = "<group>";
		};
		7FF459592A19DD1A005AA471 /* Screens */ = {
			isa = PBXGroup;
			children = (
				7FAF4A772A19679F005CDD85 /* LaunchScreen.storyboard */,
				7FAF4A722A19679D005CDD85 /* Main.storyboard */,
			);
			path = Screens;
			sourceTree = "<group>";
		};
/* End PBXGroup section */

/* Begin PBXNativeTarget section */
		7FAF4A682A19679D005CDD85 /* CDW-MemoryMatchCardGame */ = {
			isa = PBXNativeTarget;
			buildConfigurationList = 7FAF4A7D2A19679F005CDD85 /* Build configuration list for PBXNativeTarget "CDW-MemoryMatchCardGame" */;
			buildPhases = (
				7FAF4A652A19679D005CDD85 /* Sources */,
				7FAF4A662A19679D005CDD85 /* Frameworks */,
				7FAF4A672A19679D005CDD85 /* Resources */,
			);
			buildRules = (
			);
			dependencies = (
			);
			name = "CDW-MemoryMatchCardGame";
			productName = "CDW-MemoryMatchCardGame";
			productReference = 7FAF4A692A19679D005CDD85 /* CDW-MemoryMatchCardGame.app */;
			productType = "com.apple.product-type.application";
		};
/* End PBXNativeTarget section */

/* Begin PBXProject section */
		7FAF4A612A19679D005CDD85 /* Project object */ = {
			isa = PBXProject;
			attributes = {
				BuildIndependentTargetsInParallel = 1;
				LastSwiftUpdateCheck = 1420;
				LastUpgradeCheck = 1420;
				TargetAttributes = {
					7FAF4A682A19679D005CDD85 = {
						CreatedOnToolsVersion = 14.2;
					};
				};
			};
			buildConfigurationList = 7FAF4A642A19679D005CDD85 /* Build configuration list for PBXProject "CDW-MemoryMatchCardGame" */;
			compatibilityVersion = "Xcode 14.0";
			developmentRegion = en;
			hasScannedForEncodings = 0;
			knownRegions = (
				en,
				Base,
			);
			mainGroup = 7FAF4A602A19679D005CDD85;
			productRefGroup = 7FAF4A6A2A19679D005CDD85 /* Products */;
			projectDirPath = "";
			projectRoot = "";
			targets = (
				7FAF4A682A19679D005CDD85 /* CDW-MemoryMatchCardGame */,
			);
		};
/* End PBXProject section */

/* Begin PBXResourcesBuildPhase section */
		7FAF4A672A19679D005CDD85 /* Resources */ = {
			isa = PBXResourcesBuildPhase;
			buildActionMask = 2147483647;
			files = (
				7F9A23832A237504007872D7 /* JavanRhinoceros.usdz in Resources */,
				7F9A23872A237825007872D7 /* HawksbillSeaTurtle.usdz in Resources */,
				7F65F2E92A1ABADD0030F66C /* shuffle.wav in Resources */,
				7F65F2EC2A1ABADD0030F66C /* dingwrong.wav in Resources */,
				7F65F2EA2A1ABADD0030F66C /* dingcorrect.wav in Resources */,
				7F6DCF6A2A21E0C4006E86D1 /* ScoreViewController.xib in Resources */,
				7F6DCF6E2A21F875006E86D1 /* ScoreCardCell.xib in Resources */,
				7FAF4A792A19679F005CDD85 /* LaunchScreen.storyboard in Resources */,
				7FAF4A762A19679F005CDD85 /* Assets.xcassets in Resources */,
				7FAF4A742A19679D005CDD85 /* Main.storyboard in Resources */,
				7F9A237D2A23730D007872D7 /* LittleBluePenguin.usdz in Resources */,
				7F9A238B2A237981007872D7 /* BlueWhale.usdz in Resources */,
				7F65F2EB2A1ABADD0030F66C /* cardflip.wav in Resources */,
				7F9A23792A236FE4007872D7 /* PolarBear.usdz in Resources */,
			);
			runOnlyForDeploymentPostprocessing = 0;
		};
/* End PBXResourcesBuildPhase section */

/* Begin PBXSourcesBuildPhase section */
		7FAF4A652A19679D005CDD85 /* Sources */ = {
			isa = PBXSourcesBuildPhase;
			buildActionMask = 2147483647;
			files = (
				7F6DCF6D2A21F875006E86D1 /* ScoreCardCell.swift in Sources */,
				7FAF4A712A19679D005CDD85 /* ViewController.swift in Sources */,
				7FAF4A812A1975EC005CDD85 /* CardModel.swift in Sources */,
				7F6DCF652A21D459006E86D1 /* Presenter.swift in Sources */,
				7FAF4A832A1976D7005CDD85 /* Card.swift in Sources */,
				7FAF4A6D2A19679D005CDD85 /* AppDelegate.swift in Sources */,
				7FAF4A862A197B45005CDD85 /* CardCollectionViewCell.swift in Sources */,
				7F6DCF732A2294D1006E86D1 /* VirtualAnimalsViewController.swift in Sources */,
				7F65F2EE2A1ABAEC0030F66C /* SoundManager.swift in Sources */,
				7FAF4A6F2A19679D005CDD85 /* SceneDelegate.swift in Sources */,
				7F6DCF692A21E0C4006E86D1 /* ScoreViewController.swift in Sources */,
			);
			runOnlyForDeploymentPostprocessing = 0;
		};
/* End PBXSourcesBuildPhase section */

/* Begin PBXVariantGroup section */
		7FAF4A722A19679D005CDD85 /* Main.storyboard */ = {
			isa = PBXVariantGroup;
			children = (
				7FAF4A732A19679D005CDD85 /* Base */,
			);
			name = Main.storyboard;
			sourceTree = "<group>";
		};
		7FAF4A772A19679F005CDD85 /* LaunchScreen.storyboard */ = {
			isa = PBXVariantGroup;
			children = (
				7FAF4A782A19679F005CDD85 /* Base */,
			);
			name = LaunchScreen.storyboard;
			sourceTree = "<group>";
		};
/* End PBXVariantGroup section */

/* Begin XCBuildConfiguration section */
		7FAF4A7B2A19679F005CDD85 /* Debug */ = {
			isa = XCBuildConfiguration;
			buildSettings = {
				ALWAYS_SEARCH_USER_PATHS = NO;
				CLANG_ANALYZER_NONNULL = YES;
				CLANG_ANALYZER_NUMBER_OBJECT_CONVERSION = YES_AGGRESSIVE;
				CLANG_CXX_LANGUAGE_STANDARD = "gnu++20";
				CLANG_ENABLE_MODULES = YES;
				CLANG_ENABLE_OBJC_ARC = YES;
				CLANG_ENABLE_OBJC_WEAK = YES;
				CLANG_WARN_BLOCK_CAPTURE_AUTORELEASING = YES;
				CLANG_WARN_BOOL_CONVERSION = YES;
				CLANG_WARN_COMMA = YES;
				CLANG_WARN_CONSTANT_CONVERSION = YES;
				CLANG_WARN_DEPRECATED_OBJC_IMPLEMENTATIONS = YES;
				CLANG_WARN_DIRECT_OBJC_ISA_USAGE = YES_ERROR;
				CLANG_WARN_DOCUMENTATION_COMMENTS = YES;
				CLANG_WARN_EMPTY_BODY = YES;
				CLANG_WARN_ENUM_CONVERSION = YES;
				CLANG_WARN_INFINITE_RECURSION = YES;
				CLANG_WARN_INT_CONVERSION = YES;
				CLANG_WARN_NON_LITERAL_NULL_CONVERSION = YES;
				CLANG_WARN_OBJC_IMPLICIT_RETAIN_SELF = YES;
				CLANG_WARN_OBJC_LITERAL_CONVERSION = YES;
				CLANG_WARN_OBJC_ROOT_CLASS = YES_ERROR;
				CLANG_WARN_QUOTED_INCLUDE_IN_FRAMEWORK_HEADER = YES;
				CLANG_WARN_RANGE_LOOP_ANALYSIS = YES;
				CLANG_WARN_STRICT_PROTOTYPES = YES;
				CLANG_WARN_SUSPICIOUS_MOVE = YES;
				CLANG_WARN_UNGUARDED_AVAILABILITY = YES_AGGRESSIVE;
				CLANG_WARN_UNREACHABLE_CODE = YES;
				CLANG_WARN__DUPLICATE_METHOD_MATCH = YES;
				COPY_PHASE_STRIP = NO;
				DEBUG_INFORMATION_FORMAT = dwarf;
				ENABLE_STRICT_OBJC_MSGSEND = YES;
				ENABLE_TESTABILITY = YES;
				GCC_C_LANGUAGE_STANDARD = gnu11;
				GCC_DYNAMIC_NO_PIC = NO;
				GCC_NO_COMMON_BLOCKS = YES;
				GCC_OPTIMIZATION_LEVEL = 0;
				GCC_PREPROCESSOR_DEFINITIONS = (
					"DEBUG=1",
					"$(inherited)",
				);
				GCC_WARN_64_TO_32_BIT_CONVERSION = YES;
				GCC_WARN_ABOUT_RETURN_TYPE = YES_ERROR;
				GCC_WARN_UNDECLARED_SELECTOR = YES;
				GCC_WARN_UNINITIALIZED_AUTOS = YES_AGGRESSIVE;
				GCC_WARN_UNUSED_FUNCTION = YES;
				GCC_WARN_UNUSED_VARIABLE = YES;
				IPHONEOS_DEPLOYMENT_TARGET = 16.2;
				MTL_ENABLE_DEBUG_INFO = INCLUDE_SOURCE;
				MTL_FAST_MATH = YES;
				ONLY_ACTIVE_ARCH = YES;
				SDKROOT = iphoneos;
				SWIFT_ACTIVE_COMPILATION_CONDITIONS = DEBUG;
				SWIFT_OPTIMIZATION_LEVEL = "-Onone";
			};
			name = Debug;
		};
		7FAF4A7C2A19679F005CDD85 /* Release */ = {
			isa = XCBuildConfiguration;
			buildSettings = {
				ALWAYS_SEARCH_USER_PATHS = NO;
				CLANG_ANALYZER_NONNULL = YES;
				CLANG_ANALYZER_NUMBER_OBJECT_CONVERSION = YES_AGGRESSIVE;
				CLANG_CXX_LANGUAGE_STANDARD = "gnu++20";
				CLANG_ENABLE_MODULES = YES;
				CLANG_ENABLE_OBJC_ARC = YES;
				CLANG_ENABLE_OBJC_WEAK = YES;
				CLANG_WARN_BLOCK_CAPTURE_AUTORELEASING = YES;
				CLANG_WARN_BOOL_CONVERSION = YES;
				CLANG_WARN_COMMA = YES;
				CLANG_WARN_CONSTANT_CONVERSION = YES;
				CLANG_WARN_DEPRECATED_OBJC_IMPLEMENTATIONS = YES;
				CLANG_WARN_DIRECT_OBJC_ISA_USAGE = YES_ERROR;
				CLANG_WARN_DOCUMENTATION_COMMENTS = YES;
				CLANG_WARN_EMPTY_BODY = YES;
				CLANG_WARN_ENUM_CONVERSION = YES;
				CLANG_WARN_INFINITE_RECURSION = YES;
				CLANG_WARN_INT_CONVERSION = YES;
				CLANG_WARN_NON_LITERAL_NULL_CONVERSION = YES;
				CLANG_WARN_OBJC_IMPLICIT_RETAIN_SELF = YES;
				CLANG_WARN_OBJC_LITERAL_CONVERSION = YES;
				CLANG_WARN_OBJC_ROOT_CLASS = YES_ERROR;
				CLANG_WARN_QUOTED_INCLUDE_IN_FRAMEWORK_HEADER = YES;
				CLANG_WARN_RANGE_LOOP_ANALYSIS = YES;
				CLANG_WARN_STRICT_PROTOTYPES = YES;
				CLANG_WARN_SUSPICIOUS_MOVE = YES;
				CLANG_WARN_UNGUARDED_AVAILABILITY = YES_AGGRESSIVE;
				CLANG_WARN_UNREACHABLE_CODE = YES;
				CLANG_WARN__DUPLICATE_METHOD_MATCH = YES;
				COPY_PHASE_STRIP = NO;
				DEBUG_INFORMATION_FORMAT = "dwarf-with-dsym";
				ENABLE_NS_ASSERTIONS = NO;
				ENABLE_STRICT_OBJC_MSGSEND = YES;
				GCC_C_LANGUAGE_STANDARD = gnu11;
				GCC_NO_COMMON_BLOCKS = YES;
				GCC_WARN_64_TO_32_BIT_CONVERSION = YES;
				GCC_WARN_ABOUT_RETURN_TYPE = YES_ERROR;
				GCC_WARN_UNDECLARED_SELECTOR = YES;
				GCC_WARN_UNINITIALIZED_AUTOS = YES_AGGRESSIVE;
				GCC_WARN_UNUSED_FUNCTION = YES;
				GCC_WARN_UNUSED_VARIABLE = YES;
				IPHONEOS_DEPLOYMENT_TARGET = 16.2;
				MTL_ENABLE_DEBUG_INFO = NO;
				MTL_FAST_MATH = YES;
				SDKROOT = iphoneos;
				SWIFT_COMPILATION_MODE = wholemodule;
				SWIFT_OPTIMIZATION_LEVEL = "-O";
				VALIDATE_PRODUCT = YES;
			};
			name = Release;
		};
		7FAF4A7E2A19679F005CDD85 /* Debug */ = {
			isa = XCBuildConfiguration;
			buildSettings = {
				ASSETCATALOG_COMPILER_APPICON_NAME = AppIcon;
				ASSETCATALOG_COMPILER_GLOBAL_ACCENT_COLOR_NAME = AccentColor;
				CODE_SIGN_STYLE = Automatic;
				CURRENT_PROJECT_VERSION = 1;
				DEVELOPMENT_TEAM = 66846BKCQ4;
				GENERATE_INFOPLIST_FILE = YES;
				INFOPLIST_FILE = "CDW-MemoryMatchCardGame/Info.plist";
				INFOPLIST_KEY_NSCameraUsageDescription = "The app need camera access to display the virtual animal in your room";
				INFOPLIST_KEY_UIApplicationSupportsIndirectInputEvents = YES;
				INFOPLIST_KEY_UILaunchStoryboardName = LaunchScreen;
				INFOPLIST_KEY_UIMainStoryboardFile = Main;
				INFOPLIST_KEY_UISupportedInterfaceOrientations = "UIInterfaceOrientationLandscapeLeft UIInterfaceOrientationLandscapeRight";
				INFOPLIST_KEY_UISupportedInterfaceOrientations_iPad = "UIInterfaceOrientationLandscapeLeft UIInterfaceOrientationLandscapeRight UIInterfaceOrientationPortrait UIInterfaceOrientationPortraitUpsideDown";
				IPHONEOS_DEPLOYMENT_TARGET = 15.0;
				LD_RUNPATH_SEARCH_PATHS = (
					"$(inherited)",
					"@executable_path/Frameworks",
				);
				MARKETING_VERSION = 1.0;
				PRODUCT_BUNDLE_IDENTIFIER = "com.esikmalazman.CDW-MemoryMatchCardGame";
				PRODUCT_NAME = "$(TARGET_NAME)";
				SWIFT_EMIT_LOC_STRINGS = YES;
				SWIFT_VERSION = 5.0;
				TARGETED_DEVICE_FAMILY = "1,2";
			};
			name = Debug;
		};
		7FAF4A7F2A19679F005CDD85 /* Release */ = {
			isa = XCBuildConfiguration;
			buildSettings = {
				ASSETCATALOG_COMPILER_APPICON_NAME = AppIcon;
				ASSETCATALOG_COMPILER_GLOBAL_ACCENT_COLOR_NAME = AccentColor;
				CODE_SIGN_STYLE = Automatic;
				CURRENT_PROJECT_VERSION = 1;
				DEVELOPMENT_TEAM = 66846BKCQ4;
				GENERATE_INFOPLIST_FILE = YES;
				INFOPLIST_FILE = "CDW-MemoryMatchCardGame/Info.plist";
				INFOPLIST_KEY_NSCameraUsageDescription = "The app need camera access to display the virtual animal in your room";
				INFOPLIST_KEY_UIApplicationSupportsIndirectInputEvents = YES;
				INFOPLIST_KEY_UILaunchStoryboardName = LaunchScreen;
				INFOPLIST_KEY_UIMainStoryboardFile = Main;
				INFOPLIST_KEY_UISupportedInterfaceOrientations = "UIInterfaceOrientationLandscapeLeft UIInterfaceOrientationLandscapeRight";
				INFOPLIST_KEY_UISupportedInterfaceOrientations_iPad = "UIInterfaceOrientationLandscapeLeft UIInterfaceOrientationLandscapeRight UIInterfaceOrientationPortrait UIInterfaceOrientationPortraitUpsideDown";
				IPHONEOS_DEPLOYMENT_TARGET = 15.0;
				LD_RUNPATH_SEARCH_PATHS = (
					"$(inherited)",
					"@executable_path/Frameworks",
				);
				MARKETING_VERSION = 1.0;
				PRODUCT_BUNDLE_IDENTIFIER = "com.esikmalazman.CDW-MemoryMatchCardGame";
				PRODUCT_NAME = "$(TARGET_NAME)";
				SWIFT_EMIT_LOC_STRINGS = YES;
				SWIFT_VERSION = 5.0;
				TARGETED_DEVICE_FAMILY = "1,2";
			};
			name = Release;
		};
/* End XCBuildConfiguration section */

/* Begin XCConfigurationList section */
		7FAF4A642A19679D005CDD85 /* Build configuration list for PBXProject "CDW-MemoryMatchCardGame" */ = {
			isa = XCConfigurationList;
			buildConfigurations = (
				7FAF4A7B2A19679F005CDD85 /* Debug */,
				7FAF4A7C2A19679F005CDD85 /* Release */,
			);
			defaultConfigurationIsVisible = 0;
			defaultConfigurationName = Release;
		};
		7FAF4A7D2A19679F005CDD85 /* Build configuration list for PBXNativeTarget "CDW-MemoryMatchCardGame" */ = {
			isa = XCConfigurationList;
			buildConfigurations = (
				7FAF4A7E2A19679F005CDD85 /* Debug */,
				7FAF4A7F2A19679F005CDD85 /* Release */,
			);
			defaultConfigurationIsVisible = 0;
			defaultConfigurationName = Release;
		};
/* End XCConfigurationList section */
	};
	rootObject = 7FAF4A612A19679D005CDD85 /* Project object */;
}
